
Microsoft Visual Studio Solution File, Format Version 12.00
# Visual Studio Version 16
VisualStudioVersion = 16.0.29009.5
MinimumVisualStudioVersion = 10.0.40219.1
Project("{FAE04EC0-301F-11D3-BF4B-00C04F79EFBC}") = "GameRankServer", "GameRankServer\GameRankServer.csproj", "{7A42EAEF-A648-4292-9CE6-B1EDCA61D12C}"
EndProject
Project("{FAE04EC0-301F-11D3-BF4B-00C04F79EFBC}") = "GameRankServer.Storage", "GameRankServer.Storage\GameRankServer.Storage.csproj", "{4E0C3611-FDAF-48CE-B825-4E85CF633BAE}"
EndProject
Global
	GlobalSection(SolutionConfigurationPlatforms) = preSolution
		Debug|Any CPU = Debug|Any CPU
		Release|Any CPU = Release|Any CPU
	EndGlobalSection
	GlobalSection(ProjectConfigurationPlatforms) = postSolution
		{7A42EAEF-A648-4292-9CE6-B1EDCA61D12C}.Debug|Any CPU.ActiveCfg = Debug|Any CPU
		{7A42EAEF-A648-4292-9CE6-B1EDCA61D12C}.Debug|Any CPU.Build.0 = Debug|Any CPU
		{7A42EAEF-A648-4292-9CE6-B1EDCA61D12C}.Release|Any CPU.ActiveCfg = Release|Any CPU
		{7A42EAEF-A648-4292-9CE6-B1EDCA61D12C}.Release|Any CPU.Build.0 = Release|Any CPU
		{4E0C3611-FDAF-48CE-B825-4E85CF633BAE}.Debug|Any CPU.ActiveCfg = Debug|Any CPU
		{4E0C3611-FDAF-48CE-B825-4E85CF633BAE}.Debug|Any CPU.Build.0 = Debug|Any CPU
		{4E0C3611-FDAF-48CE-B825-4E85CF633BAE}.Release|Any CPU.ActiveCfg = Release|Any CPU
		{4E0C3611-FDAF-48CE-B825-4E85CF633BAE}.Release|Any CPU.Build.0 = Release|Any CPU
	EndGlobalSection
	GlobalSection(SolutionProperties) = preSolution
		HideSolutionNode = FALSE
	EndGlobalSection
	GlobalSection(ExtensibilityGlobals) = postSolution
		SolutionGuid = {772779C5-9DEE-481F-AFEA-D7F59F084B0A}
	EndGlobalSection
EndGlobal
